
Microsoft Visual Studio Solution File, Format Version 12.00
# Visual Studio Version 17
VisualStudioVersion = 17.2.32616.157
MinimumVisualStudioVersion = 10.0.40219.1
Project("{8BC9CEB8-8B4A-11D0-8D11-00A0C91BC942}") = "06.HelloWorld", "06.HelloWorld\06.HelloWorld.vcxproj", "{4B7D075C-5BCD-4D08-8A23-88039D963F6A}"
EndProject
Global
	GlobalSection(SolutionConfigurationPlatforms) = preSolution
		Debug|x64 = Debug|x64
		Debug|x86 = Debug|x86
		Release|x64 = Release|x64
		Release|x86 = Release|x86
	EndGlobalSection
	GlobalSection(ProjectConfigurationPlatforms) = postSolution
		{4B7D075C-5BCD-4D08-8A23-88039D963F6A}.Debug|x64.ActiveCfg = Debug|x64
		{4B7D075C-5BCD-4D08-8A23-88039D963F6A}.Debug|x64.Build.0 = Debug|x64
		{4B7D075C-5BCD-4D08-8A23-88039D963F6A}.Debug|x86.ActiveCfg = Debug|Win32
		{4B7D075C-5BCD-4D08-8A23-88039D963F6A}.Debug|x86.Build.0 = Debug|Win32
		{4B7D075C-5BCD-4D08-8A23-88039D963F6A}.Release|x64.ActiveCfg = Release|x64
		{4B7D075C-5BCD-4D08-8A23-88039D963F6A}.Release|x64.Build.0 = Release|x64
		{4B7D075C-5BCD-4D08-8A23-88039D963F6A}.Release|x86.ActiveCfg = Release|Win32
		{4B7D075C-5BCD-4D08-8A23-88039D963F6A}.Release|x86.Build.0 = Release|Win32
	EndGlobalSection
	GlobalSection(SolutionProperties) = preSolution
		HideSolutionNode = FALSE
	EndGlobalSection
	GlobalSection(ExtensibilityGlobals) = postSolution
		SolutionGuid = {4CC8BB4B-B9AB-48D5-8D32-5655A91E59A8}
	EndGlobalSection
EndGlobal
